// !$*UTF8*$!
{
	archiveVersion = 1;
	classes = {
	};
	objectVersion = 50;
	objects = {

/* Begin PBXBuildFile section */
		438555842669EA77009C389F /* AppDelegate.swift in Sources */ = {isa = PBXBuildFile; fileRef = 438555832669EA77009C389F /* AppDelegate.swift */; };
		438555862669EA77009C389F /* SceneDelegate.swift in Sources */ = {isa = PBXBuildFile; fileRef = 438555852669EA77009C389F /* SceneDelegate.swift */; };
		438555882669EA77009C389F /* ViewController.swift in Sources */ = {isa = PBXBuildFile; fileRef = 438555872669EA77009C389F /* ViewController.swift */; };
		4385558B2669EA77009C389F /* Main.storyboard in Resources */ = {isa = PBXBuildFile; fileRef = 438555892669EA77009C389F /* Main.storyboard */; };
		4385558D2669EA78009C389F /* Assets.xcassets in Resources */ = {isa = PBXBuildFile; fileRef = 4385558C2669EA78009C389F /* Assets.xcassets */; };
		438555902669EA78009C389F /* LaunchScreen.storyboard in Resources */ = {isa = PBXBuildFile; fileRef = 4385558E2669EA78009C389F /* LaunchScreen.storyboard */; };
		438555992669EB5A009C389F /* RedCollectionViewCell.swift in Sources */ = {isa = PBXBuildFile; fileRef = 438555982669EB5A009C389F /* RedCollectionViewCell.swift */; };
		4385559B2669EB7A009C389F /* RedCollectionViewCell.xib in Resources */ = {isa = PBXBuildFile; fileRef = 4385559A2669EB7A009C389F /* RedCollectionViewCell.xib */; };
		438555A02669EC30009C389F /* OrangeCollectionViewCell.swift in Sources */ = {isa = PBXBuildFile; fileRef = 4385559E2669EC30009C389F /* OrangeCollectionViewCell.swift */; };
		438555A12669EC30009C389F /* OrangeCollectionViewCell.xib in Resources */ = {isa = PBXBuildFile; fileRef = 4385559F2669EC30009C389F /* OrangeCollectionViewCell.xib */; };
		438555A52669F099009C389F /* APICaller.swift in Sources */ = {isa = PBXBuildFile; fileRef = 438555A42669F099009C389F /* APICaller.swift */; };
		438555A92669F18B009C389F /* Numbers.swift in Sources */ = {isa = PBXBuildFile; fileRef = 438555A82669F18B009C389F /* Numbers.swift */; };
		438555AB2669F379009C389F /* ViewModel.swift in Sources */ = {isa = PBXBuildFile; fileRef = 438555AA2669F379009C389F /* ViewModel.swift */; };
		438555B02669FDBC009C389F /* BaseCell.swift in Sources */ = {isa = PBXBuildFile; fileRef = 438555AF2669FDBC009C389F /* BaseCell.swift */; };
/* End PBXBuildFile section */

/* Begin PBXFileReference section */
		438555802669EA77009C389F /* GiniDemo.app */ = {isa = PBXFileReference; explicitFileType = wrapper.application; includeInIndex = 0; path = GiniDemo.app; sourceTree = BUILT_PRODUCTS_DIR; };
		438555832669EA77009C389F /* AppDelegate.swift */ = {isa = PBXFileReference; lastKnownFileType = sourcecode.swift; path = AppDelegate.swift; sourceTree = "<group>"; };
		438555852669EA77009C389F /* SceneDelegate.swift */ = {isa = PBXFileReference; lastKnownFileType = sourcecode.swift; path = SceneDelegate.swift; sourceTree = "<group>"; };
		438555872669EA77009C389F /* ViewController.swift */ = {isa = PBXFileReference; lastKnownFileType = sourcecode.swift; path = ViewController.swift; sourceTree = "<group>"; };
		4385558A2669EA77009C389F /* Base */ = {isa = PBXFileReference; lastKnownFileType = file.storyboard; name = Base; path = Base.lproj/Main.storyboard; sourceTree = "<group>"; };
		4385558C2669EA78009C389F /* Assets.xcassets */ = {isa = PBXFileReference; lastKnownFileType = folder.assetcatalog; path = Assets.xcassets; sourceTree = "<group>"; };
		4385558F2669EA78009C389F /* Base */ = {isa = PBXFileReference; lastKnownFileType = file.storyboard; name = Base; path = Base.lproj/LaunchScreen.storyboard; sourceTree = "<group>"; };
		438555912669EA78009C389F /* Info.plist */ = {isa = PBXFileReference; lastKnownFileType = text.plist.xml; path = Info.plist; sourceTree = "<group>"; };
		438555982669EB5A009C389F /* RedCollectionViewCell.swift */ = {isa = PBXFileReference; lastKnownFileType = sourcecode.swift; path = RedCollectionViewCell.swift; sourceTree = "<group>"; };
		4385559A2669EB7A009C389F /* RedCollectionViewCell.xib */ = {isa = PBXFileReference; lastKnownFileType = file.xib; path = RedCollectionViewCell.xib; sourceTree = "<group>"; };
		4385559E2669EC30009C389F /* OrangeCollectionViewCell.swift */ = {isa = PBXFileReference; lastKnownFileType = sourcecode.swift; path = OrangeCollectionViewCell.swift; sourceTree = "<group>"; };
		4385559F2669EC30009C389F /* OrangeCollectionViewCell.xib */ = {isa = PBXFileReference; lastKnownFileType = file.xib; path = OrangeCollectionViewCell.xib; sourceTree = "<group>"; };
		438555A42669F099009C389F /* APICaller.swift */ = {isa = PBXFileReference; lastKnownFileType = sourcecode.swift; path = APICaller.swift; sourceTree = "<group>"; };
		438555A82669F18B009C389F /* Numbers.swift */ = {isa = PBXFileReference; lastKnownFileType = sourcecode.swift; path = Numbers.swift; sourceTree = "<group>"; };
		438555AA2669F379009C389F /* ViewModel.swift */ = {isa = PBXFileReference; lastKnownFileType = sourcecode.swift; path = ViewModel.swift; sourceTree = "<group>"; };
		438555AF2669FDBC009C389F /* BaseCell.swift */ = {isa = PBXFileReference; lastKnownFileType = sourcecode.swift; path = BaseCell.swift; sourceTree = "<group>"; };
/* End PBXFileReference section */

/* Begin PBXFrameworksBuildPhase section */
		4385557D2669EA77009C389F /* Frameworks */ = {
			isa = PBXFrameworksBuildPhase;
			buildActionMask = 2147483647;
			files = (
			);
			runOnlyForDeploymentPostprocessing = 0;
		};
/* End PBXFrameworksBuildPhase section */

/* Begin PBXGroup section */
		438555772669EA77009C389F = {
			isa = PBXGroup;
			children = (
				438555822669EA77009C389F /* GiniDemo */,
				438555812669EA77009C389F /* Products */,
			);
			sourceTree = "<group>";
		};
		438555812669EA77009C389F /* Products */ = {
			isa = PBXGroup;
			children = (
				438555802669EA77009C389F /* GiniDemo.app */,
			);
			name = Products;
			sourceTree = "<group>";
		};
		438555822669EA77009C389F /* GiniDemo */ = {
			isa = PBXGroup;
			children = (
				438555A22669EFFE009C389F /* SupportinFiles */,
				438555A72669F17B009C389F /* Model */,
				438555A32669F070009C389F /* DataProvider */,
				438555972669EB24009C389F /* Cells */,
				438555AC2669F45D009C389F /* ViewModel */,
				438555872669EA77009C389F /* ViewController.swift */,
				438555892669EA77009C389F /* Main.storyboard */,
				4385558E2669EA78009C389F /* LaunchScreen.storyboard */,
				438555912669EA78009C389F /* Info.plist */,
			);
			path = GiniDemo;
			sourceTree = "<group>";
		};
		438555972669EB24009C389F /* Cells */ = {
			isa = PBXGroup;
			children = (
				4385559D2669EBE6009C389F /* OrangCell */,
				4385559C2669EBD8009C389F /* RedCell */,
				438555AF2669FDBC009C389F /* BaseCell.swift */,
			);
			name = Cells;
			sourceTree = "<group>";
		};
		4385559C2669EBD8009C389F /* RedCell */ = {
			isa = PBXGroup;
			children = (
				438555982669EB5A009C389F /* RedCollectionViewCell.swift */,
				4385559A2669EB7A009C389F /* RedCollectionViewCell.xib */,
			);
			path = RedCell;
			sourceTree = "<group>";
		};
		4385559D2669EBE6009C389F /* OrangCell */ = {
			isa = PBXGroup;
			children = (
				4385559E2669EC30009C389F /* OrangeCollectionViewCell.swift */,
				4385559F2669EC30009C389F /* OrangeCollectionViewCell.xib */,
			);
			name = OrangCell;
			sourceTree = "<group>";
		};
		438555A22669EFFE009C389F /* SupportinFiles */ = {
			isa = PBXGroup;
			children = (
				438555832669EA77009C389F /* AppDelegate.swift */,
				438555852669EA77009C389F /* SceneDelegate.swift */,
				4385558C2669EA78009C389F /* Assets.xcassets */,
			);
			name = SupportinFiles;
			path = ..;
			sourceTree = "<group>";
		};
		438555A32669F070009C389F /* DataProvider */ = {
			isa = PBXGroup;
			children = (
				438555A42669F099009C389F /* APICaller.swift */,
			);
			path = DataProvider;
			sourceTree = "<group>";
		};
		438555A72669F17B009C389F /* Model */ = {
			isa = PBXGroup;
			children = (
				438555A82669F18B009C389F /* Numbers.swift */,
			);
			name = Model;
			sourceTree = "<group>";
		};
		438555AC2669F45D009C389F /* ViewModel */ = {
			isa = PBXGroup;
			children = (
				438555AA2669F379009C389F /* ViewModel.swift */,
			);
			name = ViewModel;
			sourceTree = "<group>";
		};
/* End PBXGroup section */

/* Begin PBXNativeTarget section */
		4385557F2669EA77009C389F /* GiniDemo */ = {
			isa = PBXNativeTarget;
			buildConfigurationList = 438555942669EA78009C389F /* Build configuration list for PBXNativeTarget "GiniDemo" */;
			buildPhases = (
				4385557C2669EA77009C389F /* Sources */,
				4385557D2669EA77009C389F /* Frameworks */,
				4385557E2669EA77009C389F /* Resources */,
			);
			buildRules = (
			);
			dependencies = (
			);
			name = GiniDemo;
			productName = GiniDemo;
			productReference = 438555802669EA77009C389F /* GiniDemo.app */;
			productType = "com.apple.product-type.application";
		};
/* End PBXNativeTarget section */

/* Begin PBXProject section */
		438555782669EA77009C389F /* Project object */ = {
			isa = PBXProject;
			attributes = {
				LastSwiftUpdateCheck = 1250;
				LastUpgradeCheck = 1250;
				TargetAttributes = {
					4385557F2669EA77009C389F = {
						CreatedOnToolsVersion = 12.5;
					};
				};
			};
			buildConfigurationList = 4385557B2669EA77009C389F /* Build configuration list for PBXProject "GiniDemo" */;
			compatibilityVersion = "Xcode 9.3";
			developmentRegion = en;
			hasScannedForEncodings = 0;
			knownRegions = (
				en,
				Base,
			);
			mainGroup = 438555772669EA77009C389F;
			productRefGroup = 438555812669EA77009C389F /* Products */;
			projectDirPath = "";
			projectRoot = "";
			targets = (
				4385557F2669EA77009C389F /* GiniDemo */,
			);
		};
/* End PBXProject section */

/* Begin PBXResourcesBuildPhase section */
		4385557E2669EA77009C389F /* Resources */ = {
			isa = PBXResourcesBuildPhase;
			buildActionMask = 2147483647;
			files = (
				4385559B2669EB7A009C389F /* RedCollectionViewCell.xib in Resources */,
				438555902669EA78009C389F /* LaunchScreen.storyboard in Resources */,
				438555A12669EC30009C389F /* OrangeCollectionViewCell.xib in Resources */,
				4385558D2669EA78009C389F /* Assets.xcassets in Resources */,
				4385558B2669EA77009C389F /* Main.storyboard in Resources */,
			);
			runOnlyForDeploymentPostprocessing = 0;
		};
/* End PBXResourcesBuildPhase section */

/* Begin PBXSourcesBuildPhase section */
		4385557C2669EA77009C389F /* Sources */ = {
			isa = PBXSourcesBuildPhase;
			buildActionMask = 2147483647;
			files = (
				438555992669EB5A009C389F /* RedCollectionViewCell.swift in Sources */,
				438555A52669F099009C389F /* APICaller.swift in Sources */,
				438555A92669F18B009C389F /* Numbers.swift in Sources */,
				438555A02669EC30009C389F /* OrangeCollectionViewCell.swift in Sources */,
				438555882669EA77009C389F /* ViewController.swift in Sources */,
				438555842669EA77009C389F /* AppDelegate.swift in Sources */,
				438555AB2669F379009C389F /* ViewModel.swift in Sources */,
				438555B02669FDBC009C389F /* BaseCell.swift in Sources */,
				438555862669EA77009C389F /* SceneDelegate.swift in Sources */,
			);
			runOnlyForDeploymentPostprocessing = 0;
		};
/* End PBXSourcesBuildPhase section */

/* Begin PBXVariantGroup section */
		438555892669EA77009C389F /* Main.storyboard */ = {
			isa = PBXVariantGroup;
			children = (
				4385558A2669EA77009C389F /* Base */,
			);
			name = Main.storyboard;
			sourceTree = "<group>";
		};
		4385558E2669EA78009C389F /* LaunchScreen.storyboard */ = {
			isa = PBXVariantGroup;
			children = (
				4385558F2669EA78009C389F /* Base */,
			);
			name = LaunchScreen.storyboard;
			sourceTree = "<group>";
		};
/* End PBXVariantGroup section */

/* Begin XCBuildConfiguration section */
		438555922669EA78009C389F /* Debug */ = {
			isa = XCBuildConfiguration;
			buildSettings = {
				ALWAYS_SEARCH_USER_PATHS = NO;
				CLANG_ANALYZER_NONNULL = YES;
				CLANG_ANALYZER_NUMBER_OBJECT_CONVERSION = YES_AGGRESSIVE;
				CLANG_CXX_LANGUAGE_STANDARD = "gnu++14";
				CLANG_CXX_LIBRARY = "libc++";
				CLANG_ENABLE_MODULES = YES;
				CLANG_ENABLE_OBJC_ARC = YES;
				CLANG_ENABLE_OBJC_WEAK = YES;
				CLANG_WARN_BLOCK_CAPTURE_AUTORELEASING = YES;
				CLANG_WARN_BOOL_CONVERSION = YES;
				CLANG_WARN_COMMA = YES;
				CLANG_WARN_CONSTANT_CONVERSION = YES;
				CLANG_WARN_DEPRECATED_OBJC_IMPLEMENTATIONS = YES;
				CLANG_WARN_DIRECT_OBJC_ISA_USAGE = YES_ERROR;
				CLANG_WARN_DOCUMENTATION_COMMENTS = YES;
				CLANG_WARN_EMPTY_BODY = YES;
				CLANG_WARN_ENUM_CONVERSION = YES;
				CLANG_WARN_INFINITE_RECURSION = YES;
				CLANG_WARN_INT_CONVERSION = YES;
				CLANG_WARN_NON_LITERAL_NULL_CONVERSION = YES;
				CLANG_WARN_OBJC_IMPLICIT_RETAIN_SELF = YES;
				CLANG_WARN_OBJC_LITERAL_CONVERSION = YES;
				CLANG_WARN_OBJC_ROOT_CLASS = YES_ERROR;
				CLANG_WARN_QUOTED_INCLUDE_IN_FRAMEWORK_HEADER = YES;
				CLANG_WARN_RANGE_LOOP_ANALYSIS = YES;
				CLANG_WARN_STRICT_PROTOTYPES = YES;
				CLANG_WARN_SUSPICIOUS_MOVE = YES;
				CLANG_WARN_UNGUARDED_AVAILABILITY = YES_AGGRESSIVE;
				CLANG_WARN_UNREACHABLE_CODE = YES;
				CLANG_WARN__DUPLICATE_METHOD_MATCH = YES;
				COPY_PHASE_STRIP = NO;
				DEBUG_INFORMATION_FORMAT = dwarf;
				ENABLE_STRICT_OBJC_MSGSEND = YES;
				ENABLE_TESTABILITY = YES;
				GCC_C_LANGUAGE_STANDARD = gnu11;
				GCC_DYNAMIC_NO_PIC = NO;
				GCC_NO_COMMON_BLOCKS = YES;
				GCC_OPTIMIZATION_LEVEL = 0;
				GCC_PREPROCESSOR_DEFINITIONS = (
					"DEBUG=1",
					"$(inherited)",
				);
				GCC_WARN_64_TO_32_BIT_CONVERSION = YES;
				GCC_WARN_ABOUT_RETURN_TYPE = YES_ERROR;
				GCC_WARN_UNDECLARED_SELECTOR = YES;
				GCC_WARN_UNINITIALIZED_AUTOS = YES_AGGRESSIVE;
				GCC_WARN_UNUSED_FUNCTION = YES;
				GCC_WARN_UNUSED_VARIABLE = YES;
				IPHONEOS_DEPLOYMENT_TARGET = 10.0;
				MTL_ENABLE_DEBUG_INFO = INCLUDE_SOURCE;
				MTL_FAST_MATH = YES;
				ONLY_ACTIVE_ARCH = YES;
				SDKROOT = iphoneos;
				SWIFT_ACTIVE_COMPILATION_CONDITIONS = DEBUG;
				SWIFT_OPTIMIZATION_LEVEL = "-Onone";
			};
			name = Debug;
		};
		438555932669EA78009C389F /* Release */ = {
			isa = XCBuildConfiguration;
			buildSettings = {
				ALWAYS_SEARCH_USER_PATHS = NO;
				CLANG_ANALYZER_NONNULL = YES;
				CLANG_ANALYZER_NUMBER_OBJECT_CONVERSION = YES_AGGRESSIVE;
				CLANG_CXX_LANGUAGE_STANDARD = "gnu++14";
				CLANG_CXX_LIBRARY = "libc++";
				CLANG_ENABLE_MODULES = YES;
				CLANG_ENABLE_OBJC_ARC = YES;
				CLANG_ENABLE_OBJC_WEAK = YES;
				CLANG_WARN_BLOCK_CAPTURE_AUTORELEASING = YES;
				CLANG_WARN_BOOL_CONVERSION = YES;
				CLANG_WARN_COMMA = YES;
				CLANG_WARN_CONSTANT_CONVERSION = YES;
				CLANG_WARN_DEPRECATED_OBJC_IMPLEMENTATIONS = YES;
				CLANG_WARN_DIRECT_OBJC_ISA_USAGE = YES_ERROR;
				CLANG_WARN_DOCUMENTATION_COMMENTS = YES;
				CLANG_WARN_EMPTY_BODY = YES;
				CLANG_WARN_ENUM_CONVERSION = YES;
				CLANG_WARN_INFINITE_RECURSION = YES;
				CLANG_WARN_INT_CONVERSION = YES;
				CLANG_WARN_NON_LITERAL_NULL_CONVERSION = YES;
				CLANG_WARN_OBJC_IMPLICIT_RETAIN_SELF = YES;
				CLANG_WARN_OBJC_LITERAL_CONVERSION = YES;
				CLANG_WARN_OBJC_ROOT_CLASS = YES_ERROR;
				CLANG_WARN_QUOTED_INCLUDE_IN_FRAMEWORK_HEADER = YES;
				CLANG_WARN_RANGE_LOOP_ANALYSIS = YES;
				CLANG_WARN_STRICT_PROTOTYPES = YES;
				CLANG_WARN_SUSPICIOUS_MOVE = YES;
				CLANG_WARN_UNGUARDED_AVAILABILITY = YES_AGGRESSIVE;
				CLANG_WARN_UNREACHABLE_CODE = YES;
				CLANG_WARN__DUPLICATE_METHOD_MATCH = YES;
				COPY_PHASE_STRIP = NO;
				DEBUG_INFORMATION_FORMAT = "dwarf-with-dsym";
				ENABLE_NS_ASSERTIONS = NO;
				ENABLE_STRICT_OBJC_MSGSEND = YES;
				GCC_C_LANGUAGE_STANDARD = gnu11;
				GCC_NO_COMMON_BLOCKS = YES;
				GCC_WARN_64_TO_32_BIT_CONVERSION = YES;
				GCC_WARN_ABOUT_RETURN_TYPE = YES_ERROR;
				GCC_WARN_UNDECLARED_SELECTOR = YES;
				GCC_WARN_UNINITIALIZED_AUTOS = YES_AGGRESSIVE;
				GCC_WARN_UNUSED_FUNCTION = YES;
				GCC_WARN_UNUSED_VARIABLE = YES;
				IPHONEOS_DEPLOYMENT_TARGET = 10.0;
				MTL_ENABLE_DEBUG_INFO = NO;
				MTL_FAST_MATH = YES;
				SDKROOT = iphoneos;
				SWIFT_COMPILATION_MODE = wholemodule;
				SWIFT_OPTIMIZATION_LEVEL = "-O";
				VALIDATE_PRODUCT = YES;
			};
			name = Release;
		};
		438555952669EA78009C389F /* Debug */ = {
			isa = XCBuildConfiguration;
			buildSettings = {
				ASSETCATALOG_COMPILER_APPICON_NAME = AppIcon;
				ASSETCATALOG_COMPILER_GLOBAL_ACCENT_COLOR_NAME = AccentColor;
				CODE_SIGN_STYLE = Automatic;
				INFOPLIST_FILE = GiniDemo/Info.plist;
				LD_RUNPATH_SEARCH_PATHS = (
					"$(inherited)",
					"@executable_path/Frameworks",
				);
				PRODUCT_BUNDLE_IDENTIFIER = talspektor.GiniDemo;
				PRODUCT_NAME = "$(TARGET_NAME)";
				SWIFT_VERSION = 5.0;
				TARGETED_DEVICE_FAMILY = "1,2";
			};
			name = Debug;
		};
		438555962669EA78009C389F /* Release */ = {
			isa = XCBuildConfiguration;
			buildSettings = {
				ASSETCATALOG_COMPILER_APPICON_NAME = AppIcon;
				ASSETCATALOG_COMPILER_GLOBAL_ACCENT_COLOR_NAME = AccentColor;
				CODE_SIGN_STYLE = Automatic;
				INFOPLIST_FILE = GiniDemo/Info.plist;
				LD_RUNPATH_SEARCH_PATHS = (
					"$(inherited)",
					"@executable_path/Frameworks",
				);
				PRODUCT_BUNDLE_IDENTIFIER = talspektor.GiniDemo;
				PRODUCT_NAME = "$(TARGET_NAME)";
				SWIFT_VERSION = 5.0;
				TARGETED_DEVICE_FAMILY = "1,2";
			};
			name = Release;
		};
/* End XCBuildConfiguration section */

/* Begin XCConfigurationList section */
		4385557B2669EA77009C389F /* Build configuration list for PBXProject "GiniDemo" */ = {
			isa = XCConfigurationList;
			buildConfigurations = (
				438555922669EA78009C389F /* Debug */,
				438555932669EA78009C389F /* Release */,
			);
			defaultConfigurationIsVisible = 0;
			defaultConfigurationName = Release;
		};
		438555942669EA78009C389F /* Build configuration list for PBXNativeTarget "GiniDemo" */ = {
			isa = XCConfigurationList;
			buildConfigurations = (
				438555952669EA78009C389F /* Debug */,
				438555962669EA78009C389F /* Release */,
			);
			defaultConfigurationIsVisible = 0;
			defaultConfigurationName = Release;
		};
/* End XCConfigurationList section */
	};
	rootObject = 438555782669EA77009C389F /* Project object */;
}
